
Microsoft Visual Studio Solution File, Format Version 12.00
# Visual Studio Version 17
VisualStudioVersion = 17.14.36221.1
MinimumVisualStudioVersion = 10.0.40219.1
Project("{FAE04EC0-301F-11D3-BF4B-00C04F79EFBC}") = "CNPM", "CNPM\CNPM.csproj", "{6B3C0FD1-5DAB-4203-9920-FD6EC918A69A}"
EndProject
Project("{FAE04EC0-301F-11D3-BF4B-00C04F79EFBC}") = "FrontEnd", "FrontEnd\FrontEnd.csproj", "{90CF18BE-437A-4804-9E85-213B3EBFA1C5}"
EndProject
Global
	GlobalSection(SolutionConfigurationPlatforms) = preSolution
		Debug|Any CPU = Debug|Any CPU
		Release|Any CPU = Release|Any CPU
	EndGlobalSection
	GlobalSection(ProjectConfigurationPlatforms) = postSolution
		{6B3C0FD1-5DAB-4203-9920-FD6EC918A69A}.Debug|Any CPU.ActiveCfg = Debug|Any CPU
		{6B3C0FD1-5DAB-4203-9920-FD6EC918A69A}.Debug|Any CPU.Build.0 = Debug|Any CPU
		{6B3C0FD1-5DAB-4203-9920-FD6EC918A69A}.Release|Any CPU.ActiveCfg = Release|Any CPU
		{6B3C0FD1-5DAB-4203-9920-FD6EC918A69A}.Release|Any CPU.Build.0 = Release|Any CPU
		{90CF18BE-437A-4804-9E85-213B3EBFA1C5}.Debug|Any CPU.ActiveCfg = Debug|Any CPU
		{90CF18BE-437A-4804-9E85-213B3EBFA1C5}.Debug|Any CPU.Build.0 = Debug|Any CPU
		{90CF18BE-437A-4804-9E85-213B3EBFA1C5}.Release|Any CPU.ActiveCfg = Release|Any CPU
		{90CF18BE-437A-4804-9E85-213B3EBFA1C5}.Release|Any CPU.Build.0 = Release|Any CPU
	EndGlobalSection
	GlobalSection(SolutionProperties) = preSolution
		HideSolutionNode = FALSE
	EndGlobalSection
	GlobalSection(ExtensibilityGlobals) = postSolution
		SolutionGuid = {BDF5E88E-EC24-4D24-A291-A71B531453F3}
	EndGlobalSection
EndGlobal
