
Microsoft Visual Studio Solution File, Format Version 12.00
# Visual Studio Version 17
VisualStudioVersion = 17.0.31903.59
MinimumVisualStudioVersion = 10.0.40219.1
Project("{FAE04EC0-301F-11D3-BF4B-00C04F79EFBC}") = "CNPM.Api", "CNPM.Api\CNPM.Api.csproj", "{4E2DCA8E-7368-45B0-BD03-11D12E623AEF}"
EndProject
Project("{FAE04EC0-301F-11D3-BF4B-00C04F79EFBC}") = "CNPM.Client", "CNPM.Client\CNPM.Client.csproj", "{51178B86-85CA-4949-B119-7A7D9F23FF75}"
EndProject
Global
	GlobalSection(SolutionConfigurationPlatforms) = preSolution
		Debug|Any CPU = Debug|Any CPU
		Debug|x64 = Debug|x64
		Debug|x86 = Debug|x86
		Release|Any CPU = Release|Any CPU
		Release|x64 = Release|x64
		Release|x86 = Release|x86
	EndGlobalSection
	GlobalSection(ProjectConfigurationPlatforms) = postSolution
		{4E2DCA8E-7368-45B0-BD03-11D12E623AEF}.Debug|Any CPU.ActiveCfg = Debug|Any CPU
		{4E2DCA8E-7368-45B0-BD03-11D12E623AEF}.Debug|Any CPU.Build.0 = Debug|Any CPU
		{4E2DCA8E-7368-45B0-BD03-11D12E623AEF}.Debug|x64.ActiveCfg = Debug|Any CPU
		{4E2DCA8E-7368-45B0-BD03-11D12E623AEF}.Debug|x64.Build.0 = Debug|Any CPU
		{4E2DCA8E-7368-45B0-BD03-11D12E623AEF}.Debug|x86.ActiveCfg = Debug|Any CPU
		{4E2DCA8E-7368-45B0-BD03-11D12E623AEF}.Debug|x86.Build.0 = Debug|Any CPU
		{4E2DCA8E-7368-45B0-BD03-11D12E623AEF}.Release|Any CPU.ActiveCfg = Release|Any CPU
		{4E2DCA8E-7368-45B0-BD03-11D12E623AEF}.Release|Any CPU.Build.0 = Release|Any CPU
		{4E2DCA8E-7368-45B0-BD03-11D12E623AEF}.Release|x64.ActiveCfg = Release|Any CPU
		{4E2DCA8E-7368-45B0-BD03-11D12E623AEF}.Release|x64.Build.0 = Release|Any CPU
		{4E2DCA8E-7368-45B0-BD03-11D12E623AEF}.Release|x86.ActiveCfg = Release|Any CPU
		{4E2DCA8E-7368-45B0-BD03-11D12E623AEF}.Release|x86.Build.0 = Release|Any CPU
		{51178B86-85CA-4949-B119-7A7D9F23FF75}.Debug|Any CPU.ActiveCfg = Debug|Any CPU
		{51178B86-85CA-4949-B119-7A7D9F23FF75}.Debug|Any CPU.Build.0 = Debug|Any CPU
		{51178B86-85CA-4949-B119-7A7D9F23FF75}.Debug|x64.ActiveCfg = Debug|Any CPU
		{51178B86-85CA-4949-B119-7A7D9F23FF75}.Debug|x64.Build.0 = Debug|Any CPU
		{51178B86-85CA-4949-B119-7A7D9F23FF75}.Debug|x86.ActiveCfg = Debug|Any CPU
		{51178B86-85CA-4949-B119-7A7D9F23FF75}.Debug|x86.Build.0 = Debug|Any CPU
		{51178B86-85CA-4949-B119-7A7D9F23FF75}.Release|Any CPU.ActiveCfg = Release|Any CPU
		{51178B86-85CA-4949-B119-7A7D9F23FF75}.Release|Any CPU.Build.0 = Release|Any CPU
		{51178B86-85CA-4949-B119-7A7D9F23FF75}.Release|x64.ActiveCfg = Release|Any CPU
		{51178B86-85CA-4949-B119-7A7D9F23FF75}.Release|x64.Build.0 = Release|Any CPU
		{51178B86-85CA-4949-B119-7A7D9F23FF75}.Release|x86.ActiveCfg = Release|Any CPU
		{51178B86-85CA-4949-B119-7A7D9F23FF75}.Release|x86.Build.0 = Release|Any CPU
	EndGlobalSection
	GlobalSection(SolutionProperties) = preSolution
		HideSolutionNode = FALSE
	EndGlobalSection
	GlobalSection(ExtensibilityGlobals) = postSolution
		SolutionGuid = {F79B06D0-59F2-4160-8119-5DF9FE7631A5}
	EndGlobalSection
EndGlobal
